// !$*UTF8*$!
{
	archiveVersion = 1;
	classes = {
	};
	objectVersion = 55;
	objects = {

/* Begin PBXBuildFile section */
		6B364F302977F27400513D13 /* GoogleService-Info-3.plist in Resources */ = {isa = PBXBuildFile; fileRef = 6B364F2F2977F27400513D13 /* GoogleService-Info-3.plist */; };
		6B364F332977F56200513D13 /* FirebaseAnalytics in Frameworks */ = {isa = PBXBuildFile; productRef = 6B364F322977F56200513D13 /* FirebaseAnalytics */; };
		6B364F352977F56200513D13 /* FirebaseAuth in Frameworks */ = {isa = PBXBuildFile; productRef = 6B364F342977F56200513D13 /* FirebaseAuth */; };
		6B364F372977F56200513D13 /* FirebaseDatabase in Frameworks */ = {isa = PBXBuildFile; productRef = 6B364F362977F56200513D13 /* FirebaseDatabase */; };
		6B364F392977F56200513D13 /* FirebaseFirestore in Frameworks */ = {isa = PBXBuildFile; productRef = 6B364F382977F56200513D13 /* FirebaseFirestore */; };
		6B364F3B2977F56200513D13 /* FirebaseFirestoreCombine-Community in Frameworks */ = {isa = PBXBuildFile; productRef = 6B364F3A2977F56200513D13 /* FirebaseFirestoreCombine-Community */; };
		6B364F3D2977F56200513D13 /* FirebaseStorage in Frameworks */ = {isa = PBXBuildFile; productRef = 6B364F3C2977F56200513D13 /* FirebaseStorage */; };
		6B770181287589270025D264 /* AppDelegate.swift in Sources */ = {isa = PBXBuildFile; fileRef = 6B770180287589270025D264 /* AppDelegate.swift */; };
		6B770183287589270025D264 /* SceneDelegate.swift in Sources */ = {isa = PBXBuildFile; fileRef = 6B770182287589270025D264 /* SceneDelegate.swift */; };
		6B770185287589270025D264 /* AddEventViewController.swift in Sources */ = {isa = PBXBuildFile; fileRef = 6B770184287589270025D264 /* AddEventViewController.swift */; };
		6B770188287589270025D264 /* Main.storyboard in Resources */ = {isa = PBXBuildFile; fileRef = 6B770186287589270025D264 /* Main.storyboard */; };
		6B77018A287589290025D264 /* Assets.xcassets in Resources */ = {isa = PBXBuildFile; fileRef = 6B770189287589290025D264 /* Assets.xcassets */; };
		6B77018D287589290025D264 /* LaunchScreen.storyboard in Resources */ = {isa = PBXBuildFile; fileRef = 6B77018B287589290025D264 /* LaunchScreen.storyboard */; };
		6B770198287589290025D264 /* tomodatiTests.swift in Sources */ = {isa = PBXBuildFile; fileRef = 6B770197287589290025D264 /* tomodatiTests.swift */; };
		6B7701A2287589290025D264 /* tomodatiUITests.swift in Sources */ = {isa = PBXBuildFile; fileRef = 6B7701A1287589290025D264 /* tomodatiUITests.swift */; };
		6B7701A4287589290025D264 /* tomodatiUITestsLaunchTests.swift in Sources */ = {isa = PBXBuildFile; fileRef = 6B7701A3287589290025D264 /* tomodatiUITestsLaunchTests.swift */; };
		6B7701B1287590330025D264 /* Event.swift in Sources */ = {isa = PBXBuildFile; fileRef = 6B7701B0287590330025D264 /* Event.swift */; };
		6BEA7A9228914DF8004B76BF /* EventListViewController.swift in Sources */ = {isa = PBXBuildFile; fileRef = 6BEA7A9128914DF8004B76BF /* EventListViewController.swift */; };
/* End PBXBuildFile section */

/* Begin PBXContainerItemProxy section */
		6B770194287589290025D264 /* PBXContainerItemProxy */ = {
			isa = PBXContainerItemProxy;
			containerPortal = 6B770175287589270025D264 /* Project object */;
			proxyType = 1;
			remoteGlobalIDString = 6B77017C287589270025D264;
			remoteInfo = tomodati;
		};
		6B77019E287589290025D264 /* PBXContainerItemProxy */ = {
			isa = PBXContainerItemProxy;
			containerPortal = 6B770175287589270025D264 /* Project object */;
			proxyType = 1;
			remoteGlobalIDString = 6B77017C287589270025D264;
			remoteInfo = tomodati;
		};
/* End PBXContainerItemProxy section */

/* Begin PBXFileReference section */
		6B364F2F2977F27400513D13 /* GoogleService-Info-3.plist */ = {isa = PBXFileReference; fileEncoding = 4; lastKnownFileType = text.plist.xml; path = "GoogleService-Info-3.plist"; sourceTree = "<group>"; };
		6B77017D287589270025D264 /* tomodati.app */ = {isa = PBXFileReference; explicitFileType = wrapper.application; includeInIndex = 0; path = tomodati.app; sourceTree = BUILT_PRODUCTS_DIR; };
		6B770180287589270025D264 /* AppDelegate.swift */ = {isa = PBXFileReference; lastKnownFileType = sourcecode.swift; path = AppDelegate.swift; sourceTree = "<group>"; };
		6B770182287589270025D264 /* SceneDelegate.swift */ = {isa = PBXFileReference; lastKnownFileType = sourcecode.swift; path = SceneDelegate.swift; sourceTree = "<group>"; };
		6B770184287589270025D264 /* AddEventViewController.swift */ = {isa = PBXFileReference; lastKnownFileType = sourcecode.swift; path = AddEventViewController.swift; sourceTree = "<group>"; };
		6B770187287589270025D264 /* Base */ = {isa = PBXFileReference; lastKnownFileType = file.storyboard; name = Base; path = Base.lproj/Main.storyboard; sourceTree = "<group>"; };
		6B770189287589290025D264 /* Assets.xcassets */ = {isa = PBXFileReference; lastKnownFileType = folder.assetcatalog; path = Assets.xcassets; sourceTree = "<group>"; };
		6B77018C287589290025D264 /* Base */ = {isa = PBXFileReference; lastKnownFileType = file.storyboard; name = Base; path = Base.lproj/LaunchScreen.storyboard; sourceTree = "<group>"; };
		6B77018E287589290025D264 /* Info.plist */ = {isa = PBXFileReference; lastKnownFileType = text.plist.xml; path = Info.plist; sourceTree = "<group>"; };
		6B770193287589290025D264 /* tomodatiTests.xctest */ = {isa = PBXFileReference; explicitFileType = wrapper.cfbundle; includeInIndex = 0; path = tomodatiTests.xctest; sourceTree = BUILT_PRODUCTS_DIR; };
		6B770197287589290025D264 /* tomodatiTests.swift */ = {isa = PBXFileReference; lastKnownFileType = sourcecode.swift; path = tomodatiTests.swift; sourceTree = "<group>"; };
		6B77019D287589290025D264 /* tomodatiUITests.xctest */ = {isa = PBXFileReference; explicitFileType = wrapper.cfbundle; includeInIndex = 0; path = tomodatiUITests.xctest; sourceTree = BUILT_PRODUCTS_DIR; };
		6B7701A1287589290025D264 /* tomodatiUITests.swift */ = {isa = PBXFileReference; lastKnownFileType = sourcecode.swift; path = tomodatiUITests.swift; sourceTree = "<group>"; };
		6B7701A3287589290025D264 /* tomodatiUITestsLaunchTests.swift */ = {isa = PBXFileReference; lastKnownFileType = sourcecode.swift; path = tomodatiUITestsLaunchTests.swift; sourceTree = "<group>"; };
		6B7701B0287590330025D264 /* Event.swift */ = {isa = PBXFileReference; lastKnownFileType = sourcecode.swift; path = Event.swift; sourceTree = "<group>"; };
		6BEA7A9128914DF8004B76BF /* EventListViewController.swift */ = {isa = PBXFileReference; lastKnownFileType = sourcecode.swift; path = EventListViewController.swift; sourceTree = "<group>"; };
/* End PBXFileReference section */

/* Begin PBXFrameworksBuildPhase section */
		6B77017A287589270025D264 /* Frameworks */ = {
			isa = PBXFrameworksBuildPhase;
			buildActionMask = 2147483647;
			files = (
				6B364F372977F56200513D13 /* FirebaseDatabase in Frameworks */,
				6B364F392977F56200513D13 /* FirebaseFirestore in Frameworks */,
				6B364F332977F56200513D13 /* FirebaseAnalytics in Frameworks */,
				6B364F3B2977F56200513D13 /* FirebaseFirestoreCombine-Community in Frameworks */,
				6B364F352977F56200513D13 /* FirebaseAuth in Frameworks */,
				6B364F3D2977F56200513D13 /* FirebaseStorage in Frameworks */,
			);
			runOnlyForDeploymentPostprocessing = 0;
		};
		6B770190287589290025D264 /* Frameworks */ = {
			isa = PBXFrameworksBuildPhase;
			buildActionMask = 2147483647;
			files = (
			);
			runOnlyForDeploymentPostprocessing = 0;
		};
		6B77019A287589290025D264 /* Frameworks */ = {
			isa = PBXFrameworksBuildPhase;
			buildActionMask = 2147483647;
			files = (
			);
			runOnlyForDeploymentPostprocessing = 0;
		};
/* End PBXFrameworksBuildPhase section */

/* Begin PBXGroup section */
		6B770174287589270025D264 = {
			isa = PBXGroup;
			children = (
				6B77017F287589270025D264 /* tomodati */,
				6B770196287589290025D264 /* tomodatiTests */,
				6B7701A0287589290025D264 /* tomodatiUITests */,
				6B77017E287589270025D264 /* Products */,
			);
			sourceTree = "<group>";
		};
		6B77017E287589270025D264 /* Products */ = {
			isa = PBXGroup;
			children = (
				6B77017D287589270025D264 /* tomodati.app */,
				6B770193287589290025D264 /* tomodatiTests.xctest */,
				6B77019D287589290025D264 /* tomodatiUITests.xctest */,
			);
			name = Products;
			sourceTree = "<group>";
		};
		6B77017F287589270025D264 /* tomodati */ = {
			isa = PBXGroup;
			children = (
				6B770180287589270025D264 /* AppDelegate.swift */,
				6B770182287589270025D264 /* SceneDelegate.swift */,
				6B770184287589270025D264 /* AddEventViewController.swift */,
				6BEA7A9128914DF8004B76BF /* EventListViewController.swift */,
				6B7701B0287590330025D264 /* Event.swift */,
				6B770186287589270025D264 /* Main.storyboard */,
				6B770189287589290025D264 /* Assets.xcassets */,
				6B77018B287589290025D264 /* LaunchScreen.storyboard */,
				6B77018E287589290025D264 /* Info.plist */,
				6B364F2F2977F27400513D13 /* GoogleService-Info-3.plist */,
			);
			path = tomodati;
			sourceTree = "<group>";
		};
		6B770196287589290025D264 /* tomodatiTests */ = {
			isa = PBXGroup;
			children = (
				6B770197287589290025D264 /* tomodatiTests.swift */,
			);
			path = tomodatiTests;
			sourceTree = "<group>";
		};
		6B7701A0287589290025D264 /* tomodatiUITests */ = {
			isa = PBXGroup;
			children = (
				6B7701A1287589290025D264 /* tomodatiUITests.swift */,
				6B7701A3287589290025D264 /* tomodatiUITestsLaunchTests.swift */,
			);
			path = tomodatiUITests;
			sourceTree = "<group>";
		};
/* End PBXGroup section */

/* Begin PBXNativeTarget section */
		6B77017C287589270025D264 /* tomodati */ = {
			isa = PBXNativeTarget;
			buildConfigurationList = 6B7701A7287589290025D264 /* Build configuration list for PBXNativeTarget "tomodati" */;
			buildPhases = (
				6B770179287589270025D264 /* Sources */,
				6B77017A287589270025D264 /* Frameworks */,
				6B77017B287589270025D264 /* Resources */,
			);
			buildRules = (
			);
			dependencies = (
			);
			name = tomodati;
			packageProductDependencies = (
				6B364F322977F56200513D13 /* FirebaseAnalytics */,
				6B364F342977F56200513D13 /* FirebaseAuth */,
				6B364F362977F56200513D13 /* FirebaseDatabase */,
				6B364F382977F56200513D13 /* FirebaseFirestore */,
				6B364F3A2977F56200513D13 /* FirebaseFirestoreCombine-Community */,
				6B364F3C2977F56200513D13 /* FirebaseStorage */,
			);
			productName = tomodati;
			productReference = 6B77017D287589270025D264 /* tomodati.app */;
			productType = "com.apple.product-type.application";
		};
		6B770192287589290025D264 /* tomodatiTests */ = {
			isa = PBXNativeTarget;
			buildConfigurationList = 6B7701AA287589290025D264 /* Build configuration list for PBXNativeTarget "tomodatiTests" */;
			buildPhases = (
				6B77018F287589290025D264 /* Sources */,
				6B770190287589290025D264 /* Frameworks */,
				6B770191287589290025D264 /* Resources */,
			);
			buildRules = (
			);
			dependencies = (
				6B770195287589290025D264 /* PBXTargetDependency */,
			);
			name = tomodatiTests;
			productName = tomodatiTests;
			productReference = 6B770193287589290025D264 /* tomodatiTests.xctest */;
			productType = "com.apple.product-type.bundle.unit-test";
		};
		6B77019C287589290025D264 /* tomodatiUITests */ = {
			isa = PBXNativeTarget;
			buildConfigurationList = 6B7701AD287589290025D264 /* Build configuration list for PBXNativeTarget "tomodatiUITests" */;
			buildPhases = (
				6B770199287589290025D264 /* Sources */,
				6B77019A287589290025D264 /* Frameworks */,
				6B77019B287589290025D264 /* Resources */,
			);
			buildRules = (
			);
			dependencies = (
				6B77019F287589290025D264 /* PBXTargetDependency */,
			);
			name = tomodatiUITests;
			productName = tomodatiUITests;
			productReference = 6B77019D287589290025D264 /* tomodatiUITests.xctest */;
			productType = "com.apple.product-type.bundle.ui-testing";
		};
/* End PBXNativeTarget section */

/* Begin PBXProject section */
		6B770175287589270025D264 /* Project object */ = {
			isa = PBXProject;
			attributes = {
				BuildIndependentTargetsInParallel = 1;
				LastSwiftUpdateCheck = 1320;
				LastUpgradeCheck = 1320;
				TargetAttributes = {
					6B77017C287589270025D264 = {
						CreatedOnToolsVersion = 13.2.1;
					};
					6B770192287589290025D264 = {
						CreatedOnToolsVersion = 13.2.1;
						TestTargetID = 6B77017C287589270025D264;
					};
					6B77019C287589290025D264 = {
						CreatedOnToolsVersion = 13.2.1;
						TestTargetID = 6B77017C287589270025D264;
					};
				};
			};
			buildConfigurationList = 6B770178287589270025D264 /* Build configuration list for PBXProject "tomodati" */;
			compatibilityVersion = "Xcode 13.0";
			developmentRegion = en;
			hasScannedForEncodings = 0;
			knownRegions = (
				en,
				Base,
			);
			mainGroup = 6B770174287589270025D264;
			packageReferences = (
				6B364F312977F56200513D13 /* XCRemoteSwiftPackageReference "firebase-ios-sdk" */,
			);
			productRefGroup = 6B77017E287589270025D264 /* Products */;
			projectDirPath = "";
			projectRoot = "";
			targets = (
				6B77017C287589270025D264 /* tomodati */,
				6B770192287589290025D264 /* tomodatiTests */,
				6B77019C287589290025D264 /* tomodatiUITests */,
			);
		};
/* End PBXProject section */

/* Begin PBXResourcesBuildPhase section */
		6B77017B287589270025D264 /* Resources */ = {
			isa = PBXResourcesBuildPhase;
			buildActionMask = 2147483647;
			files = (
				6B77018D287589290025D264 /* LaunchScreen.storyboard in Resources */,
				6B77018A287589290025D264 /* Assets.xcassets in Resources */,
				6B770188287589270025D264 /* Main.storyboard in Resources */,
				6B364F302977F27400513D13 /* GoogleService-Info-3.plist in Resources */,
			);
			runOnlyForDeploymentPostprocessing = 0;
		};
		6B770191287589290025D264 /* Resources */ = {
			isa = PBXResourcesBuildPhase;
			buildActionMask = 2147483647;
			files = (
			);
			runOnlyForDeploymentPostprocessing = 0;
		};
		6B77019B287589290025D264 /* Resources */ = {
			isa = PBXResourcesBuildPhase;
			buildActionMask = 2147483647;
			files = (
			);
			runOnlyForDeploymentPostprocessing = 0;
		};
/* End PBXResourcesBuildPhase section */

/* Begin PBXSourcesBuildPhase section */
		6B770179287589270025D264 /* Sources */ = {
			isa = PBXSourcesBuildPhase;
			buildActionMask = 2147483647;
			files = (
				6B7701B1287590330025D264 /* Event.swift in Sources */,
				6BEA7A9228914DF8004B76BF /* EventListViewController.swift in Sources */,
				6B770185287589270025D264 /* AddEventViewController.swift in Sources */,
				6B770181287589270025D264 /* AppDelegate.swift in Sources */,
				6B770183287589270025D264 /* SceneDelegate.swift in Sources */,
			);
			runOnlyForDeploymentPostprocessing = 0;
		};
		6B77018F287589290025D264 /* Sources */ = {
			isa = PBXSourcesBuildPhase;
			buildActionMask = 2147483647;
			files = (
				6B770198287589290025D264 /* tomodatiTests.swift in Sources */,
			);
			runOnlyForDeploymentPostprocessing = 0;
		};
		6B770199287589290025D264 /* Sources */ = {
			isa = PBXSourcesBuildPhase;
			buildActionMask = 2147483647;
			files = (
				6B7701A4287589290025D264 /* tomodatiUITestsLaunchTests.swift in Sources */,
				6B7701A2287589290025D264 /* tomodatiUITests.swift in Sources */,
			);
			runOnlyForDeploymentPostprocessing = 0;
		};
/* End PBXSourcesBuildPhase section */

/* Begin PBXTargetDependency section */
		6B770195287589290025D264 /* PBXTargetDependency */ = {
			isa = PBXTargetDependency;
			target = 6B77017C287589270025D264 /* tomodati */;
			targetProxy = 6B770194287589290025D264 /* PBXContainerItemProxy */;
		};
		6B77019F287589290025D264 /* PBXTargetDependency */ = {
			isa = PBXTargetDependency;
			target = 6B77017C287589270025D264 /* tomodati */;
			targetProxy = 6B77019E287589290025D264 /* PBXContainerItemProxy */;
		};
/* End PBXTargetDependency section */

/* Begin PBXVariantGroup section */
		6B770186287589270025D264 /* Main.storyboard */ = {
			isa = PBXVariantGroup;
			children = (
				6B770187287589270025D264 /* Base */,
			);
			name = Main.storyboard;
			sourceTree = "<group>";
		};
		6B77018B287589290025D264 /* LaunchScreen.storyboard */ = {
			isa = PBXVariantGroup;
			children = (
				6B77018C287589290025D264 /* Base */,
			);
			name = LaunchScreen.storyboard;
			sourceTree = "<group>";
		};
/* End PBXVariantGroup section */

/* Begin XCBuildConfiguration section */
		6B7701A5287589290025D264 /* Debug */ = {
			isa = XCBuildConfiguration;
			buildSettings = {
				ALWAYS_SEARCH_USER_PATHS = NO;
				CLANG_ANALYZER_NONNULL = YES;
				CLANG_ANALYZER_NUMBER_OBJECT_CONVERSION = YES_AGGRESSIVE;
				CLANG_CXX_LANGUAGE_STANDARD = "gnu++17";
				CLANG_CXX_LIBRARY = "libc++";
				CLANG_ENABLE_MODULES = YES;
				CLANG_ENABLE_OBJC_ARC = YES;
				CLANG_ENABLE_OBJC_WEAK = YES;
				CLANG_WARN_BLOCK_CAPTURE_AUTORELEASING = YES;
				CLANG_WARN_BOOL_CONVERSION = YES;
				CLANG_WARN_COMMA = YES;
				CLANG_WARN_CONSTANT_CONVERSION = YES;
				CLANG_WARN_DEPRECATED_OBJC_IMPLEMENTATIONS = YES;
				CLANG_WARN_DIRECT_OBJC_ISA_USAGE = YES_ERROR;
				CLANG_WARN_DOCUMENTATION_COMMENTS = YES;
				CLANG_WARN_EMPTY_BODY = YES;
				CLANG_WARN_ENUM_CONVERSION = YES;
				CLANG_WARN_INFINITE_RECURSION = YES;
				CLANG_WARN_INT_CONVERSION = YES;
				CLANG_WARN_NON_LITERAL_NULL_CONVERSION = YES;
				CLANG_WARN_OBJC_IMPLICIT_RETAIN_SELF = YES;
				CLANG_WARN_OBJC_LITERAL_CONVERSION = YES;
				CLANG_WARN_OBJC_ROOT_CLASS = YES_ERROR;
				CLANG_WARN_QUOTED_INCLUDE_IN_FRAMEWORK_HEADER = YES;
				CLANG_WARN_RANGE_LOOP_ANALYSIS = YES;
				CLANG_WARN_STRICT_PROTOTYPES = YES;
				CLANG_WARN_SUSPICIOUS_MOVE = YES;
				CLANG_WARN_UNGUARDED_AVAILABILITY = YES_AGGRESSIVE;
				CLANG_WARN_UNREACHABLE_CODE = YES;
				CLANG_WARN__DUPLICATE_METHOD_MATCH = YES;
				COPY_PHASE_STRIP = NO;
				DEBUG_INFORMATION_FORMAT = dwarf;
				ENABLE_STRICT_OBJC_MSGSEND = YES;
				ENABLE_TESTABILITY = YES;
				GCC_C_LANGUAGE_STANDARD = gnu11;
				GCC_DYNAMIC_NO_PIC = NO;
				GCC_NO_COMMON_BLOCKS = YES;
				GCC_OPTIMIZATION_LEVEL = 0;
				GCC_PREPROCESSOR_DEFINITIONS = (
					"DEBUG=1",
					"$(inherited)",
				);
				GCC_WARN_64_TO_32_BIT_CONVERSION = YES;
				GCC_WARN_ABOUT_RETURN_TYPE = YES_ERROR;
				GCC_WARN_UNDECLARED_SELECTOR = YES;
				GCC_WARN_UNINITIALIZED_AUTOS = YES_AGGRESSIVE;
				GCC_WARN_UNUSED_FUNCTION = YES;
				GCC_WARN_UNUSED_VARIABLE = YES;
				IPHONEOS_DEPLOYMENT_TARGET = 15.0;
				MTL_ENABLE_DEBUG_INFO = INCLUDE_SOURCE;
				MTL_FAST_MATH = YES;
				ONLY_ACTIVE_ARCH = YES;
				SDKROOT = iphoneos;
				SWIFT_ACTIVE_COMPILATION_CONDITIONS = DEBUG;
				SWIFT_OPTIMIZATION_LEVEL = "-Onone";
			};
			name = Debug;
		};
		6B7701A6287589290025D264 /* Release */ = {
			isa = XCBuildConfiguration;
			buildSettings = {
				ALWAYS_SEARCH_USER_PATHS = NO;
				CLANG_ANALYZER_NONNULL = YES;
				CLANG_ANALYZER_NUMBER_OBJECT_CONVERSION = YES_AGGRESSIVE;
				CLANG_CXX_LANGUAGE_STANDARD = "gnu++17";
				CLANG_CXX_LIBRARY = "libc++";
				CLANG_ENABLE_MODULES = YES;
				CLANG_ENABLE_OBJC_ARC = YES;
				CLANG_ENABLE_OBJC_WEAK = YES;
				CLANG_WARN_BLOCK_CAPTURE_AUTORELEASING = YES;
				CLANG_WARN_BOOL_CONVERSION = YES;
				CLANG_WARN_COMMA = YES;
				CLANG_WARN_CONSTANT_CONVERSION = YES;
				CLANG_WARN_DEPRECATED_OBJC_IMPLEMENTATIONS = YES;
				CLANG_WARN_DIRECT_OBJC_ISA_USAGE = YES_ERROR;
				CLANG_WARN_DOCUMENTATION_COMMENTS = YES;
				CLANG_WARN_EMPTY_BODY = YES;
				CLANG_WARN_ENUM_CONVERSION = YES;
				CLANG_WARN_INFINITE_RECURSION = YES;
				CLANG_WARN_INT_CONVERSION = YES;
				CLANG_WARN_NON_LITERAL_NULL_CONVERSION = YES;
				CLANG_WARN_OBJC_IMPLICIT_RETAIN_SELF = YES;
				CLANG_WARN_OBJC_LITERAL_CONVERSION = YES;
				CLANG_WARN_OBJC_ROOT_CLASS = YES_ERROR;
				CLANG_WARN_QUOTED_INCLUDE_IN_FRAMEWORK_HEADER = YES;
				CLANG_WARN_RANGE_LOOP_ANALYSIS = YES;
				CLANG_WARN_STRICT_PROTOTYPES = YES;
				CLANG_WARN_SUSPICIOUS_MOVE = YES;
				CLANG_WARN_UNGUARDED_AVAILABILITY = YES_AGGRESSIVE;
				CLANG_WARN_UNREACHABLE_CODE = YES;
				CLANG_WARN__DUPLICATE_METHOD_MATCH = YES;
				COPY_PHASE_STRIP = NO;
				DEBUG_INFORMATION_FORMAT = "dwarf-with-dsym";
				ENABLE_NS_ASSERTIONS = NO;
				ENABLE_STRICT_OBJC_MSGSEND = YES;
				GCC_C_LANGUAGE_STANDARD = gnu11;
				GCC_NO_COMMON_BLOCKS = YES;
				GCC_WARN_64_TO_32_BIT_CONVERSION = YES;
				GCC_WARN_ABOUT_RETURN_TYPE = YES_ERROR;
				GCC_WARN_UNDECLARED_SELECTOR = YES;
				GCC_WARN_UNINITIALIZED_AUTOS = YES_AGGRESSIVE;
				GCC_WARN_UNUSED_FUNCTION = YES;
				GCC_WARN_UNUSED_VARIABLE = YES;
				IPHONEOS_DEPLOYMENT_TARGET = 15.0;
				MTL_ENABLE_DEBUG_INFO = NO;
				MTL_FAST_MATH = YES;
				SDKROOT = iphoneos;
				SWIFT_COMPILATION_MODE = wholemodule;
				SWIFT_OPTIMIZATION_LEVEL = "-O";
				VALIDATE_PRODUCT = YES;
			};
			name = Release;
		};
		6B7701A8287589290025D264 /* Debug */ = {
			isa = XCBuildConfiguration;
			buildSettings = {
				ASSETCATALOG_COMPILER_APPICON_NAME = AppIcon;
				ASSETCATALOG_COMPILER_GLOBAL_ACCENT_COLOR_NAME = AccentColor;
				CODE_SIGN_STYLE = Automatic;
				CURRENT_PROJECT_VERSION = 1;
				GENERATE_INFOPLIST_FILE = YES;
				INFOPLIST_FILE = tomodati/Info.plist;
				INFOPLIST_KEY_UIApplicationSupportsIndirectInputEvents = YES;
				INFOPLIST_KEY_UILaunchStoryboardName = LaunchScreen;
				INFOPLIST_KEY_UIMainStoryboardFile = Main;
				INFOPLIST_KEY_UISupportedInterfaceOrientations_iPad = "UIInterfaceOrientationPortrait UIInterfaceOrientationPortraitUpsideDown UIInterfaceOrientationLandscapeLeft UIInterfaceOrientationLandscapeRight";
				INFOPLIST_KEY_UISupportedInterfaceOrientations_iPhone = "UIInterfaceOrientationPortrait UIInterfaceOrientationLandscapeLeft UIInterfaceOrientationLandscapeRight";
				LD_RUNPATH_SEARCH_PATHS = (
					"$(inherited)",
					"@executable_path/Frameworks",
				);
				MARKETING_VERSION = 1.0;
				PRODUCT_BUNDLE_IDENTIFIER = "count-school.tomodati";
				PRODUCT_NAME = "$(TARGET_NAME)";
				SWIFT_EMIT_LOC_STRINGS = YES;
				SWIFT_VERSION = 5.0;
				TARGETED_DEVICE_FAMILY = "1,2";
			};
			name = Debug;
		};
		6B7701A9287589290025D264 /* Release */ = {
			isa = XCBuildConfiguration;
			buildSettings = {
				ASSETCATALOG_COMPILER_APPICON_NAME = AppIcon;
				ASSETCATALOG_COMPILER_GLOBAL_ACCENT_COLOR_NAME = AccentColor;
				CODE_SIGN_STYLE = Automatic;
				CURRENT_PROJECT_VERSION = 1;
				GENERATE_INFOPLIST_FILE = YES;
				INFOPLIST_FILE = tomodati/Info.plist;
				INFOPLIST_KEY_UIApplicationSupportsIndirectInputEvents = YES;
				INFOPLIST_KEY_UILaunchStoryboardName = LaunchScreen;
				INFOPLIST_KEY_UIMainStoryboardFile = Main;
				INFOPLIST_KEY_UISupportedInterfaceOrientations_iPad = "UIInterfaceOrientationPortrait UIInterfaceOrientationPortraitUpsideDown UIInterfaceOrientationLandscapeLeft UIInterfaceOrientationLandscapeRight";
				INFOPLIST_KEY_UISupportedInterfaceOrientations_iPhone = "UIInterfaceOrientationPortrait UIInterfaceOrientationLandscapeLeft UIInterfaceOrientationLandscapeRight";
				LD_RUNPATH_SEARCH_PATHS = (
					"$(inherited)",
					"@executable_path/Frameworks",
				);
				MARKETING_VERSION = 1.0;
				PRODUCT_BUNDLE_IDENTIFIER = "count-school.tomodati";
				PRODUCT_NAME = "$(TARGET_NAME)";
				SWIFT_EMIT_LOC_STRINGS = YES;
				SWIFT_VERSION = 5.0;
				TARGETED_DEVICE_FAMILY = "1,2";
			};
			name = Release;
		};
		6B7701AB287589290025D264 /* Debug */ = {
			isa = XCBuildConfiguration;
			buildSettings = {
				ALWAYS_EMBED_SWIFT_STANDARD_LIBRARIES = YES;
				BUNDLE_LOADER = "$(TEST_HOST)";
				CODE_SIGN_STYLE = Automatic;
				CURRENT_PROJECT_VERSION = 1;
				GENERATE_INFOPLIST_FILE = YES;
				IPHONEOS_DEPLOYMENT_TARGET = 15.2;
				MARKETING_VERSION = 1.0;
				PRODUCT_BUNDLE_IDENTIFIER = "count-school.tomodatiTests";
				PRODUCT_NAME = "$(TARGET_NAME)";
				SWIFT_EMIT_LOC_STRINGS = NO;
				SWIFT_VERSION = 5.0;
				TARGETED_DEVICE_FAMILY = "1,2";
				TEST_HOST = "$(BUILT_PRODUCTS_DIR)/tomodati.app/tomodati";
			};
			name = Debug;
		};
		6B7701AC287589290025D264 /* Release */ = {
			isa = XCBuildConfiguration;
			buildSettings = {
				ALWAYS_EMBED_SWIFT_STANDARD_LIBRARIES = YES;
				BUNDLE_LOADER = "$(TEST_HOST)";
				CODE_SIGN_STYLE = Automatic;
				CURRENT_PROJECT_VERSION = 1;
				GENERATE_INFOPLIST_FILE = YES;
				IPHONEOS_DEPLOYMENT_TARGET = 15.2;
				MARKETING_VERSION = 1.0;
				PRODUCT_BUNDLE_IDENTIFIER = "count-school.tomodatiTests";
				PRODUCT_NAME = "$(TARGET_NAME)";
				SWIFT_EMIT_LOC_STRINGS = NO;
				SWIFT_VERSION = 5.0;
				TARGETED_DEVICE_FAMILY = "1,2";
				TEST_HOST = "$(BUILT_PRODUCTS_DIR)/tomodati.app/tomodati";
			};
			name = Release;
		};
		6B7701AE287589290025D264 /* Debug */ = {
			isa = XCBuildConfiguration;
			buildSettings = {
				ALWAYS_EMBED_SWIFT_STANDARD_LIBRARIES = YES;
				CODE_SIGN_STYLE = Automatic;
				CURRENT_PROJECT_VERSION = 1;
				GENERATE_INFOPLIST_FILE = YES;
				MARKETING_VERSION = 1.0;
				PRODUCT_BUNDLE_IDENTIFIER = "count-school.tomodatiUITests";
				PRODUCT_NAME = "$(TARGET_NAME)";
				SWIFT_EMIT_LOC_STRINGS = NO;
				SWIFT_VERSION = 5.0;
				TARGETED_DEVICE_FAMILY = "1,2";
				TEST_TARGET_NAME = tomodati;
			};
			name = Debug;
		};
		6B7701AF287589290025D264 /* Release */ = {
			isa = XCBuildConfiguration;
			buildSettings = {
				ALWAYS_EMBED_SWIFT_STANDARD_LIBRARIES = YES;
				CODE_SIGN_STYLE = Automatic;
				CURRENT_PROJECT_VERSION = 1;
				GENERATE_INFOPLIST_FILE = YES;
				MARKETING_VERSION = 1.0;
				PRODUCT_BUNDLE_IDENTIFIER = "count-school.tomodatiUITests";
				PRODUCT_NAME = "$(TARGET_NAME)";
				SWIFT_EMIT_LOC_STRINGS = NO;
				SWIFT_VERSION = 5.0;
				TARGETED_DEVICE_FAMILY = "1,2";
				TEST_TARGET_NAME = tomodati;
			};
			name = Release;
		};
/* End XCBuildConfiguration section */

/* Begin XCConfigurationList section */
		6B770178287589270025D264 /* Build configuration list for PBXProject "tomodati" */ = {
			isa = XCConfigurationList;
			buildConfigurations = (
				6B7701A5287589290025D264 /* Debug */,
				6B7701A6287589290025D264 /* Release */,
			);
			defaultConfigurationIsVisible = 0;
			defaultConfigurationName = Release;
		};
		6B7701A7287589290025D264 /* Build configuration list for PBXNativeTarget "tomodati" */ = {
			isa = XCConfigurationList;
			buildConfigurations = (
				6B7701A8287589290025D264 /* Debug */,
				6B7701A9287589290025D264 /* Release */,
			);
			defaultConfigurationIsVisible = 0;
			defaultConfigurationName = Release;
		};
		6B7701AA287589290025D264 /* Build configuration list for PBXNativeTarget "tomodatiTests" */ = {
			isa = XCConfigurationList;
			buildConfigurations = (
				6B7701AB287589290025D264 /* Debug */,
				6B7701AC287589290025D264 /* Release */,
			);
			defaultConfigurationIsVisible = 0;
			defaultConfigurationName = Release;
		};
		6B7701AD287589290025D264 /* Build configuration list for PBXNativeTarget "tomodatiUITests" */ = {
			isa = XCConfigurationList;
			buildConfigurations = (
				6B7701AE287589290025D264 /* Debug */,
				6B7701AF287589290025D264 /* Release */,
			);
			defaultConfigurationIsVisible = 0;
			defaultConfigurationName = Release;
		};
/* End XCConfigurationList section */

/* Begin XCRemoteSwiftPackageReference section */
		6B364F312977F56200513D13 /* XCRemoteSwiftPackageReference "firebase-ios-sdk" */ = {
			isa = XCRemoteSwiftPackageReference;
			repositoryURL = "https://github.com/firebase/firebase-ios-sdk.git";
			requirement = {
				branch = master;
				kind = branch;
			};
		};
/* End XCRemoteSwiftPackageReference section */

/* Begin XCSwiftPackageProductDependency section */
		6B364F322977F56200513D13 /* FirebaseAnalytics */ = {
			isa = XCSwiftPackageProductDependency;
			package = 6B364F312977F56200513D13 /* XCRemoteSwiftPackageReference "firebase-ios-sdk" */;
			productName = FirebaseAnalytics;
		};
		6B364F342977F56200513D13 /* FirebaseAuth */ = {
			isa = XCSwiftPackageProductDependency;
			package = 6B364F312977F56200513D13 /* XCRemoteSwiftPackageReference "firebase-ios-sdk" */;
			productName = FirebaseAuth;
		};
		6B364F362977F56200513D13 /* FirebaseDatabase */ = {
			isa = XCSwiftPackageProductDependency;
			package = 6B364F312977F56200513D13 /* XCRemoteSwiftPackageReference "firebase-ios-sdk" */;
			productName = FirebaseDatabase;
		};
		6B364F382977F56200513D13 /* FirebaseFirestore */ = {
			isa = XCSwiftPackageProductDependency;
			package = 6B364F312977F56200513D13 /* XCRemoteSwiftPackageReference "firebase-ios-sdk" */;
			productName = FirebaseFirestore;
		};
		6B364F3A2977F56200513D13 /* FirebaseFirestoreCombine-Community */ = {
			isa = XCSwiftPackageProductDependency;
			package = 6B364F312977F56200513D13 /* XCRemoteSwiftPackageReference "firebase-ios-sdk" */;
			productName = "FirebaseFirestoreCombine-Community";
		};
		6B364F3C2977F56200513D13 /* FirebaseStorage */ = {
			isa = XCSwiftPackageProductDependency;
			package = 6B364F312977F56200513D13 /* XCRemoteSwiftPackageReference "firebase-ios-sdk" */;
			productName = FirebaseStorage;
		};
/* End XCSwiftPackageProductDependency section */
	};
	rootObject = 6B770175287589270025D264 /* Project object */;
}
